// !$*UTF8*$!
{
	archiveVersion = 1;
	classes = {
	};
	objectVersion = 50;
	objects = {

/* Begin PBXBuildFile section */
		590867F224C49D2F00D40A21 /* main.cpp in Sources */ = {isa = PBXBuildFile; fileRef = 590867F124C49D2F00D40A21 /* main.cpp */; };
		590867F424C49D2F00D40A21 /* Makefile in Sources */ = {isa = PBXBuildFile; fileRef = 590867F324C49D2F00D40A21 /* Makefile */; };
/* End PBXBuildFile section */

/* Begin PBXFileReference section */
		590867EE24C49D2F00D40A21 /* Index */ = {isa = PBXFileReference; explicitFileType = "compiled.mach-o.executable"; includeInIndex = 0; path = Index; sourceTree = BUILT_PRODUCTS_DIR; };
		590867F124C49D2F00D40A21 /* main.cpp */ = {isa = PBXFileReference; lastKnownFileType = sourcecode.cpp.cpp; path = main.cpp; sourceTree = "<group>"; };
		590867F324C49D2F00D40A21 /* Makefile */ = {isa = PBXFileReference; lastKnownFileType = sourcecode.make; path = Makefile; sourceTree = "<group>"; };
		590867F524C49D2F00D40A21 /* ReadMe.txt */ = {isa = PBXFileReference; lastKnownFileType = text; path = ReadMe.txt; sourceTree = "<group>"; };
		590867F724C49D2F00D40A21 /* Sketchbook.txt */ = {isa = PBXFileReference; lastKnownFileType = text; path = Sketchbook.txt; sourceTree = "<group>"; };
		590867F924C49D2F00D40A21 /* Arduino Due (Programming Port).xcconfig */ = {isa = PBXFileReference; lastKnownFileType = text.xcconfig; path = "Arduino Due (Programming Port).xcconfig"; sourceTree = "<group>"; };
		590867FA24C49D2F00D40A21 /* Arduino Duemilanove.xcconfig */ = {isa = PBXFileReference; lastKnownFileType = text.xcconfig; path = "Arduino Duemilanove.xcconfig"; sourceTree = "<group>"; };
		590867FB24C49D2F00D40A21 /* Arduino Leonardo.xcconfig */ = {isa = PBXFileReference; lastKnownFileType = text.xcconfig; path = "Arduino Leonardo.xcconfig"; sourceTree = "<group>"; };
		590867FC24C49D2F00D40A21 /* Arduino Mega 2560.xcconfig */ = {isa = PBXFileReference; lastKnownFileType = text.xcconfig; path = "Arduino Mega 2560.xcconfig"; sourceTree = "<group>"; };
		590867FD24C49D2F00D40A21 /* Arduino Micro.xcconfig */ = {isa = PBXFileReference; lastKnownFileType = text.xcconfig; path = "Arduino Micro.xcconfig"; sourceTree = "<group>"; };
		590867FE24C49D2F00D40A21 /* Arduino Pro ATmega328-3.3V.xcconfig */ = {isa = PBXFileReference; lastKnownFileType = text.xcconfig; path = "Arduino Pro ATmega328-3.3V.xcconfig"; sourceTree = "<group>"; };
		590867FF24C49D2F00D40A21 /* Arduino Pro ATmega328-5V.xcconfig */ = {isa = PBXFileReference; lastKnownFileType = text.xcconfig; path = "Arduino Pro ATmega328-5V.xcconfig"; sourceTree = "<group>"; };
		5908680024C49D2F00D40A21 /* Arduino Mini ATmega168.xcconfig */ = {isa = PBXFileReference; lastKnownFileType = text.xcconfig; path = "Arduino Mini ATmega168.xcconfig"; sourceTree = "<group>"; };
		5908680124C49D2F00D40A21 /* Arduino Mini ATmega328.xcconfig */ = {isa = PBXFileReference; lastKnownFileType = text.xcconfig; path = "Arduino Mini ATmega328.xcconfig"; sourceTree = "<group>"; };
		5908680224C49D2F00D40A21 /* Arduino MKR Zero.xcconfig */ = {isa = PBXFileReference; lastKnownFileType = text.xcconfig; path = "Arduino MKR Zero.xcconfig"; sourceTree = "<group>"; };
		5908680324C49D2F00D40A21 /* Arduino Nano ATmega168.xcconfig */ = {isa = PBXFileReference; lastKnownFileType = text.xcconfig; path = "Arduino Nano ATmega168.xcconfig"; sourceTree = "<group>"; };
		5908680424C49D2F00D40A21 /* Arduino Nano ATmega328.xcconfig */ = {isa = PBXFileReference; lastKnownFileType = text.xcconfig; path = "Arduino Nano ATmega328.xcconfig"; sourceTree = "<group>"; };
		5908680524C49D2F00D40A21 /* Arduino Robot Control.xcconfig */ = {isa = PBXFileReference; lastKnownFileType = text.xcconfig; path = "Arduino Robot Control.xcconfig"; sourceTree = "<group>"; };
		5908680624C49D2F00D40A21 /* Arduino Robot Motor.xcconfig */ = {isa = PBXFileReference; lastKnownFileType = text.xcconfig; path = "Arduino Robot Motor.xcconfig"; sourceTree = "<group>"; };
		5908680724C49D2F00D40A21 /* Arduino Uno.xcconfig */ = {isa = PBXFileReference; lastKnownFileType = text.xcconfig; path = "Arduino Uno.xcconfig"; sourceTree = "<group>"; };
		5908680824C49D2F00D40A21 /* Arduino Yun (USB).xcconfig */ = {isa = PBXFileReference; lastKnownFileType = text.xcconfig; path = "Arduino Yun (USB).xcconfig"; sourceTree = "<group>"; };
		5908680924C49D2F00D40A21 /* Arduino Zero (Programming Port).xcconfig */ = {isa = PBXFileReference; lastKnownFileType = text.xcconfig; path = "Arduino Zero (Programming Port).xcconfig"; sourceTree = "<group>"; };
		5908680A24C49D2F00D40A21 /* Arduino M0 Pro (Programming Port).xcconfig */ = {isa = PBXFileReference; lastKnownFileType = text.xcconfig; path = "Arduino M0 Pro (Programming Port).xcconfig"; sourceTree = "<group>"; };
		5908680B24C49D2F00D40A21 /* Arduino Tian (USB).xcconfig */ = {isa = PBXFileReference; lastKnownFileType = text.xcconfig; path = "Arduino Tian (USB).xcconfig"; sourceTree = "<group>"; };
		5908680C24C49D2F00D40A21 /* nRF BBC micro-bit nRF51.xcconfig */ = {isa = PBXFileReference; lastKnownFileType = text.xcconfig; path = "nRF BBC micro-bit nRF51.xcconfig"; sourceTree = "<group>"; };
		5908680D24C49D2F00D40A21 /* chipKIT DP32.xcconfig */ = {isa = PBXFileReference; lastKnownFileType = text.xcconfig; path = "chipKIT DP32.xcconfig"; sourceTree = "<group>"; };
		5908680E24C49D2F00D40A21 /* chipKIT Max32.xcconfig */ = {isa = PBXFileReference; lastKnownFileType = text.xcconfig; path = "chipKIT Max32.xcconfig"; sourceTree = "<group>"; };
		5908680F24C49D2F00D40A21 /* chipKIT uC32.xcconfig */ = {isa = PBXFileReference; lastKnownFileType = text.xcconfig; path = "chipKIT uC32.xcconfig"; sourceTree = "<group>"; };
		5908681024C49D2F00D40A21 /* chipKIT Uno32.xcconfig */ = {isa = PBXFileReference; lastKnownFileType = text.xcconfig; path = "chipKIT Uno32.xcconfig"; sourceTree = "<group>"; };
		5908681124C49D2F00D40A21 /* chipKIT WF32.xcconfig */ = {isa = PBXFileReference; lastKnownFileType = text.xcconfig; path = "chipKIT WF32.xcconfig"; sourceTree = "<group>"; };
		5908681224C49D2F00D40A21 /* chipKIT WiFire Rev.AB.xcconfig */ = {isa = PBXFileReference; lastKnownFileType = text.xcconfig; path = "chipKIT WiFire Rev.AB.xcconfig"; sourceTree = "<group>"; };
		5908681324C49D2F00D40A21 /* chipKIT WiFire Rev.C.xcconfig */ = {isa = PBXFileReference; lastKnownFileType = text.xcconfig; path = "chipKIT WiFire Rev.C.xcconfig"; sourceTree = "<group>"; };
		5908681424C49D2F00D40A21 /* ESP8266.xcconfig */ = {isa = PBXFileReference; lastKnownFileType = text.xcconfig; path = ESP8266.xcconfig; sourceTree = "<group>"; };
		5908681524C49D2F00D40A21 /* NodeMCU 0.9 ESP-12.xcconfig */ = {isa = PBXFileReference; lastKnownFileType = text.xcconfig; path = "NodeMCU 0.9 ESP-12.xcconfig"; sourceTree = "<group>"; };
		5908681624C49D2F00D40A21 /* NodeMCU 1.0 ESP-12E.xcconfig */ = {isa = PBXFileReference; lastKnownFileType = text.xcconfig; path = "NodeMCU 1.0 ESP-12E.xcconfig"; sourceTree = "<group>"; };
		5908681724C49D2F00D40A21 /* LaunchPad MSP432P401R EMT.xcconfig */ = {isa = PBXFileReference; lastKnownFileType = text.xcconfig; path = "LaunchPad MSP432P401R EMT.xcconfig"; sourceTree = "<group>"; };
		5908681824C49D2F00D40A21 /* LaunchPad CC3200 WiFi.xcconfig */ = {isa = PBXFileReference; lastKnownFileType = text.xcconfig; path = "LaunchPad CC3200 WiFi.xcconfig"; sourceTree = "<group>"; };
		5908681924C49D2F00D40A21 /* LaunchPad LM4F120 Stellaris.xcconfig */ = {isa = PBXFileReference; lastKnownFileType = text.xcconfig; path = "LaunchPad LM4F120 Stellaris.xcconfig"; sourceTree = "<group>"; };
		5908681A24C49D2F00D40A21 /* LaunchPad TM4C123 Tiva C.xcconfig */ = {isa = PBXFileReference; lastKnownFileType = text.xcconfig; path = "LaunchPad TM4C123 Tiva C.xcconfig"; sourceTree = "<group>"; };
		5908681B24C49D2F00D40A21 /* LaunchPad TM4C129 Ethernet.xcconfig */ = {isa = PBXFileReference; lastKnownFileType = text.xcconfig; path = "LaunchPad TM4C129 Ethernet.xcconfig"; sourceTree = "<group>"; };
		5908681C24C49D2F00D40A21 /* LaunchPad MSP430G2553.xcconfig */ = {isa = PBXFileReference; lastKnownFileType = text.xcconfig; path = "LaunchPad MSP430G2553.xcconfig"; sourceTree = "<group>"; };
		5908681D24C49D2F00D40A21 /* LaunchPad MSP430G2553-ET.xcconfig */ = {isa = PBXFileReference; lastKnownFileType = text.xcconfig; path = "LaunchPad MSP430G2553-ET.xcconfig"; sourceTree = "<group>"; };
		5908681E24C49D2F00D40A21 /* LaunchPad MSP430G2955.xcconfig */ = {isa = PBXFileReference; lastKnownFileType = text.xcconfig; path = "LaunchPad MSP430G2955.xcconfig"; sourceTree = "<group>"; };
		5908681F24C49D2F00D40A21 /* LaunchPad MSP430FR2355.xcconfig */ = {isa = PBXFileReference; lastKnownFileType = text.xcconfig; path = "LaunchPad MSP430FR2355.xcconfig"; sourceTree = "<group>"; };
		5908682024C49D2F00D40A21 /* LaunchPad MSP430FR2433.xcconfig */ = {isa = PBXFileReference; lastKnownFileType = text.xcconfig; path = "LaunchPad MSP430FR2433.xcconfig"; sourceTree = "<group>"; };
		5908682124C49D2F00D40A21 /* LaunchPad MSP430FR4133.xcconfig */ = {isa = PBXFileReference; lastKnownFileType = text.xcconfig; path = "LaunchPad MSP430FR4133.xcconfig"; sourceTree = "<group>"; };
		5908682224C49D2F00D40A21 /* LaunchPad MSP430F5529.xcconfig */ = {isa = PBXFileReference; lastKnownFileType = text.xcconfig; path = "LaunchPad MSP430F5529.xcconfig"; sourceTree = "<group>"; };
		5908682324C49D2F00D40A21 /* LaunchPad MSP430FR5969.xcconfig */ = {isa = PBXFileReference; lastKnownFileType = text.xcconfig; path = "LaunchPad MSP430FR5969.xcconfig"; sourceTree = "<group>"; };
		5908682424C49D2F00D40A21 /* LaunchPad MSP430FR5994.xcconfig */ = {isa = PBXFileReference; lastKnownFileType = text.xcconfig; path = "LaunchPad MSP430FR5994.xcconfig"; sourceTree = "<group>"; };
		5908682524C49D2F00D40A21 /* LaunchPad MSP430FR6989.xcconfig */ = {isa = PBXFileReference; lastKnownFileType = text.xcconfig; path = "LaunchPad MSP430FR6989.xcconfig"; sourceTree = "<group>"; };
		5908682624C49D2F00D40A21 /* Seeeduino v4.xcconfig */ = {isa = PBXFileReference; lastKnownFileType = text.xcconfig; path = "Seeeduino v4.xcconfig"; sourceTree = "<group>"; };
		5908682724C49D2F00D40A21 /* Seeeduino Xiao M0 (USB).xcconfig */ = {isa = PBXFileReference; lastKnownFileType = text.xcconfig; path = "Seeeduino Xiao M0 (USB).xcconfig"; sourceTree = "<group>"; };
		5908682824C49D2F00D40A21 /* Seeeduino Xiao M0 (MSD).xcconfig */ = {isa = PBXFileReference; lastKnownFileType = text.xcconfig; path = "Seeeduino Xiao M0 (MSD).xcconfig"; sourceTree = "<group>"; };
		5908682924C49D2F00D40A21 /* Teensy 2.0.xcconfig */ = {isa = PBXFileReference; lastKnownFileType = text.xcconfig; path = "Teensy 2.0.xcconfig"; sourceTree = "<group>"; };
		5908682A24C49D2F00D40A21 /* Teensy 3.0.xcconfig */ = {isa = PBXFileReference; lastKnownFileType = text.xcconfig; path = "Teensy 3.0.xcconfig"; sourceTree = "<group>"; };
		5908682B24C49D2F00D40A21 /* Teensy 3.1.xcconfig */ = {isa = PBXFileReference; lastKnownFileType = text.xcconfig; path = "Teensy 3.1.xcconfig"; sourceTree = "<group>"; };
		5908682C24C49D2F00D40A21 /* Teensy 3.2.xcconfig */ = {isa = PBXFileReference; lastKnownFileType = text.xcconfig; path = "Teensy 3.2.xcconfig"; sourceTree = "<group>"; };
		5908682D24C49D2F00D40A21 /* Teensy 3.5.xcconfig */ = {isa = PBXFileReference; lastKnownFileType = text.xcconfig; path = "Teensy 3.5.xcconfig"; sourceTree = "<group>"; };
		5908682E24C49D2F00D40A21 /* Teensy 3.6.xcconfig */ = {isa = PBXFileReference; lastKnownFileType = text.xcconfig; path = "Teensy 3.6.xcconfig"; sourceTree = "<group>"; };
		5908682F24C49D2F00D40A21 /* Teensy 4.0.xcconfig */ = {isa = PBXFileReference; lastKnownFileType = text.xcconfig; path = "Teensy 4.0.xcconfig"; sourceTree = "<group>"; };
		5908683024C49D2F00D40A21 /* Teensy LC.xcconfig */ = {isa = PBXFileReference; lastKnownFileType = text.xcconfig; path = "Teensy LC.xcconfig"; sourceTree = "<group>"; };
		5908683224C49D2F00D40A21 /* ArduinoAVR_180.mk */ = {isa = PBXFileReference; lastKnownFileType = text; path = ArduinoAVR_180.mk; sourceTree = "<group>"; };
		5908683324C49D2F00D40A21 /* ArduinoAVR_181.mk */ = {isa = PBXFileReference; lastKnownFileType = text; path = ArduinoAVR_181.mk; sourceTree = "<group>"; };
		5908683424C49D2F00D40A21 /* ArduinoSAM_180.mk */ = {isa = PBXFileReference; lastKnownFileType = text; path = ArduinoSAM_180.mk; sourceTree = "<group>"; };
		5908683524C49D2F00D40A21 /* ArduinoSAMD_180.mk */ = {isa = PBXFileReference; lastKnownFileType = text; path = ArduinoSAMD_180.mk; sourceTree = "<group>"; };
		5908683624C49D2F00D40A21 /* nRF51_Boards_180.mk */ = {isa = PBXFileReference; lastKnownFileType = text; path = nRF51_Boards_180.mk; sourceTree = "<group>"; };
		5908683724C49D2F00D40A21 /* chipKIT_180.mk */ = {isa = PBXFileReference; lastKnownFileType = text; path = chipKIT_180.mk; sourceTree = "<group>"; };
		5908683824C49D2F00D40A21 /* EnergiaMSP430_18.mk */ = {isa = PBXFileReference; lastKnownFileType = text; path = EnergiaMSP430_18.mk; sourceTree = "<group>"; };
		5908683924C49D2F00D40A21 /* EnergiaMSP430_19.mk */ = {isa = PBXFileReference; lastKnownFileType = text; path = EnergiaMSP430_19.mk; sourceTree = "<group>"; };
		5908683A24C49D2F00D40A21 /* EnergiaMSP432_R_EMT_18.mk */ = {isa = PBXFileReference; lastKnownFileType = text; path = EnergiaMSP432_R_EMT_18.mk; sourceTree = "<group>"; };
		5908683B24C49D2F00D40A21 /* EnergiaTIVAC_18.mk */ = {isa = PBXFileReference; lastKnownFileType = text; path = EnergiaTIVAC_18.mk; sourceTree = "<group>"; };
		5908683C24C49D2F00D40A21 /* EnergiaCC3200_18.mk */ = {isa = PBXFileReference; lastKnownFileType = text; path = EnergiaCC3200_18.mk; sourceTree = "<group>"; };
		5908683D24C49D2F00D40A21 /* ESP8266_180.mk */ = {isa = PBXFileReference; lastKnownFileType = text; path = ESP8266_180.mk; sourceTree = "<group>"; };
		5908683E24C49D2F00D40A21 /* SeeeduinoAVR_180.mk */ = {isa = PBXFileReference; lastKnownFileType = text; path = SeeeduinoAVR_180.mk; sourceTree = "<group>"; };
		5908683F24C49D2F00D40A21 /* SeeeduinoSAMD_180.mk */ = {isa = PBXFileReference; lastKnownFileType = text; path = SeeeduinoSAMD_180.mk; sourceTree = "<group>"; };
		5908684024C49D2F00D40A21 /* Teensy.mk */ = {isa = PBXFileReference; lastKnownFileType = text; path = Teensy.mk; sourceTree = "<group>"; };
		5908684124C49D2F00D40A21 /* Teensy2.mk */ = {isa = PBXFileReference; lastKnownFileType = text; path = Teensy2.mk; sourceTree = "<group>"; };
		5908684224C49D2F00D40A21 /* Teensy3.mk */ = {isa = PBXFileReference; lastKnownFileType = text; path = Teensy3.mk; sourceTree = "<group>"; };
		5908684324C49D2F00D40A21 /* About.mk */ = {isa = PBXFileReference; lastKnownFileType = text; path = About.mk; sourceTree = "<group>"; };
		5908684424C49D2F00D40A21 /* Step1.mk */ = {isa = PBXFileReference; lastKnownFileType = text; path = Step1.mk; sourceTree = "<group>"; };
		5908684524C49D2F00D40A21 /* Step2.mk */ = {isa = PBXFileReference; lastKnownFileType = text; path = Step2.mk; sourceTree = "<group>"; };
		5908684624C49D2F00D40A21 /* Avrdude.mk */ = {isa = PBXFileReference; lastKnownFileType = text; path = Avrdude.mk; sourceTree = "<group>"; };
		5908684824C49D2F00D40A21 /* reset_1200.py */ = {isa = PBXFileReference; lastKnownFileType = text.script.python; path = reset_1200.py; sourceTree = "<group>"; };
		5908684924C49D2F00D40A21 /* embedXcode_prepare */ = {isa = PBXFileReference; lastKnownFileType = "compiled.mach-o.executable"; path = embedXcode_prepare; sourceTree = "<group>"; };
		5908684A24C49D2F00D40A21 /* embedXcode_check */ = {isa = PBXFileReference; lastKnownFileType = "compiled.mach-o.executable"; path = embedXcode_check; sourceTree = "<group>"; };
		5908684B24C49D2F00D40A21 /* embedXcode_chrono */ = {isa = PBXFileReference; lastKnownFileType = "compiled.mach-o.executable"; path = embedXcode_chrono; sourceTree = "<group>"; };
		5908684C24C49D2F00D40A21 /* TemplateIcon.icns */ = {isa = PBXFileReference; lastKnownFileType = image.icns; path = TemplateIcon.icns; sourceTree = "<group>"; };
		5908684D24C49D2F00D40A21 /* DisplayFearTestUno.ino */ = {isa = PBXFileReference; lastKnownFileType = text; path = DisplayFearTestUno.ino; sourceTree = "<group>"; };
/* End PBXFileReference section */

/* Begin PBXGroup section */
		590867E224C49D2F00D40A21 = {
			isa = PBXGroup;
			children = (
				590867F024C49D2F00D40A21 /* DisplayFearTestUno */,
				590867EF24C49D2F00D40A21 /* Products */,
			);
			sourceTree = "<group>";
		};
		590867EF24C49D2F00D40A21 /* Products */ = {
			isa = PBXGroup;
			children = (
				590867EE24C49D2F00D40A21 /* Index */,
			);
			name = Products;
			sourceTree = "<group>";
		};
		590867F024C49D2F00D40A21 /* DisplayFearTestUno */ = {
			isa = PBXGroup;
			children = (
				590867F124C49D2F00D40A21 /* main.cpp */,
				590867F324C49D2F00D40A21 /* Makefile */,
				590867F524C49D2F00D40A21 /* ReadMe.txt */,
				5908684D24C49D2F00D40A21 /* DisplayFearTestUno.ino */,
				590867F624C49D2F00D40A21 /* Sketchbook */,
				590867F824C49D2F00D40A21 /* Configurations */,
				5908683124C49D2F00D40A21 /* Makefiles */,
				5908684724C49D2F00D40A21 /* Utilities */,
			);
			path = DisplayFearTestUno;
			sourceTree = "<group>";
		};
		590867F624C49D2F00D40A21 /* Sketchbook */ = {
			isa = PBXGroup;
			children = (
				590867F724C49D2F00D40A21 /* Sketchbook.txt */,
			);
			path = Sketchbook;
			sourceTree = "<group>";
		};
		590867F824C49D2F00D40A21 /* Configurations */ = {
			isa = PBXGroup;
			children = (
				590867F924C49D2F00D40A21 /* Arduino Due (Programming Port).xcconfig */,
				590867FA24C49D2F00D40A21 /* Arduino Duemilanove.xcconfig */,
				590867FB24C49D2F00D40A21 /* Arduino Leonardo.xcconfig */,
				590867FC24C49D2F00D40A21 /* Arduino Mega 2560.xcconfig */,
				590867FD24C49D2F00D40A21 /* Arduino Micro.xcconfig */,
				590867FE24C49D2F00D40A21 /* Arduino Pro ATmega328-3.3V.xcconfig */,
				590867FF24C49D2F00D40A21 /* Arduino Pro ATmega328-5V.xcconfig */,
				5908680024C49D2F00D40A21 /* Arduino Mini ATmega168.xcconfig */,
				5908680124C49D2F00D40A21 /* Arduino Mini ATmega328.xcconfig */,
				5908680224C49D2F00D40A21 /* Arduino MKR Zero.xcconfig */,
				5908680324C49D2F00D40A21 /* Arduino Nano ATmega168.xcconfig */,
				5908680424C49D2F00D40A21 /* Arduino Nano ATmega328.xcconfig */,
				5908680524C49D2F00D40A21 /* Arduino Robot Control.xcconfig */,
				5908680624C49D2F00D40A21 /* Arduino Robot Motor.xcconfig */,
				5908680724C49D2F00D40A21 /* Arduino Uno.xcconfig */,
				5908680824C49D2F00D40A21 /* Arduino Yun (USB).xcconfig */,
				5908680924C49D2F00D40A21 /* Arduino Zero (Programming Port).xcconfig */,
				5908680A24C49D2F00D40A21 /* Arduino M0 Pro (Programming Port).xcconfig */,
				5908680B24C49D2F00D40A21 /* Arduino Tian (USB).xcconfig */,
				5908680C24C49D2F00D40A21 /* nRF BBC micro-bit nRF51.xcconfig */,
				5908680D24C49D2F00D40A21 /* chipKIT DP32.xcconfig */,
				5908680E24C49D2F00D40A21 /* chipKIT Max32.xcconfig */,
				5908680F24C49D2F00D40A21 /* chipKIT uC32.xcconfig */,
				5908681024C49D2F00D40A21 /* chipKIT Uno32.xcconfig */,
				5908681124C49D2F00D40A21 /* chipKIT WF32.xcconfig */,
				5908681224C49D2F00D40A21 /* chipKIT WiFire Rev.AB.xcconfig */,
				5908681324C49D2F00D40A21 /* chipKIT WiFire Rev.C.xcconfig */,
				5908681424C49D2F00D40A21 /* ESP8266.xcconfig */,
				5908681524C49D2F00D40A21 /* NodeMCU 0.9 ESP-12.xcconfig */,
				5908681624C49D2F00D40A21 /* NodeMCU 1.0 ESP-12E.xcconfig */,
				5908681724C49D2F00D40A21 /* LaunchPad MSP432P401R EMT.xcconfig */,
				5908681824C49D2F00D40A21 /* LaunchPad CC3200 WiFi.xcconfig */,
				5908681924C49D2F00D40A21 /* LaunchPad LM4F120 Stellaris.xcconfig */,
				5908681A24C49D2F00D40A21 /* LaunchPad TM4C123 Tiva C.xcconfig */,
				5908681B24C49D2F00D40A21 /* LaunchPad TM4C129 Ethernet.xcconfig */,
				5908681C24C49D2F00D40A21 /* LaunchPad MSP430G2553.xcconfig */,
				5908681D24C49D2F00D40A21 /* LaunchPad MSP430G2553-ET.xcconfig */,
				5908681E24C49D2F00D40A21 /* LaunchPad MSP430G2955.xcconfig */,
				5908681F24C49D2F00D40A21 /* LaunchPad MSP430FR2355.xcconfig */,
				5908682024C49D2F00D40A21 /* LaunchPad MSP430FR2433.xcconfig */,
				5908682124C49D2F00D40A21 /* LaunchPad MSP430FR4133.xcconfig */,
				5908682224C49D2F00D40A21 /* LaunchPad MSP430F5529.xcconfig */,
				5908682324C49D2F00D40A21 /* LaunchPad MSP430FR5969.xcconfig */,
				5908682424C49D2F00D40A21 /* LaunchPad MSP430FR5994.xcconfig */,
				5908682524C49D2F00D40A21 /* LaunchPad MSP430FR6989.xcconfig */,
				5908682624C49D2F00D40A21 /* Seeeduino v4.xcconfig */,
				5908682724C49D2F00D40A21 /* Seeeduino Xiao M0 (USB).xcconfig */,
				5908682824C49D2F00D40A21 /* Seeeduino Xiao M0 (MSD).xcconfig */,
				5908682924C49D2F00D40A21 /* Teensy 2.0.xcconfig */,
				5908682A24C49D2F00D40A21 /* Teensy 3.0.xcconfig */,
				5908682B24C49D2F00D40A21 /* Teensy 3.1.xcconfig */,
				5908682C24C49D2F00D40A21 /* Teensy 3.2.xcconfig */,
				5908682D24C49D2F00D40A21 /* Teensy 3.5.xcconfig */,
				5908682E24C49D2F00D40A21 /* Teensy 3.6.xcconfig */,
				5908682F24C49D2F00D40A21 /* Teensy 4.0.xcconfig */,
				5908683024C49D2F00D40A21 /* Teensy LC.xcconfig */,
			);
			path = Configurations;
			sourceTree = "<group>";
		};
		5908683124C49D2F00D40A21 /* Makefiles */ = {
			isa = PBXGroup;
			children = (
				5908683224C49D2F00D40A21 /* ArduinoAVR_180.mk */,
				5908683324C49D2F00D40A21 /* ArduinoAVR_181.mk */,
				5908683424C49D2F00D40A21 /* ArduinoSAM_180.mk */,
				5908683524C49D2F00D40A21 /* ArduinoSAMD_180.mk */,
				5908683624C49D2F00D40A21 /* nRF51_Boards_180.mk */,
				5908683724C49D2F00D40A21 /* chipKIT_180.mk */,
				5908683824C49D2F00D40A21 /* EnergiaMSP430_18.mk */,
				5908683924C49D2F00D40A21 /* EnergiaMSP430_19.mk */,
				5908683A24C49D2F00D40A21 /* EnergiaMSP432_R_EMT_18.mk */,
				5908683B24C49D2F00D40A21 /* EnergiaTIVAC_18.mk */,
				5908683C24C49D2F00D40A21 /* EnergiaCC3200_18.mk */,
				5908683D24C49D2F00D40A21 /* ESP8266_180.mk */,
				5908683E24C49D2F00D40A21 /* SeeeduinoAVR_180.mk */,
				5908683F24C49D2F00D40A21 /* SeeeduinoSAMD_180.mk */,
				5908684024C49D2F00D40A21 /* Teensy.mk */,
				5908684124C49D2F00D40A21 /* Teensy2.mk */,
				5908684224C49D2F00D40A21 /* Teensy3.mk */,
				5908684324C49D2F00D40A21 /* About.mk */,
				5908684424C49D2F00D40A21 /* Step1.mk */,
				5908684524C49D2F00D40A21 /* Step2.mk */,
				5908684624C49D2F00D40A21 /* Avrdude.mk */,
			);
			path = Makefiles;
			sourceTree = "<group>";
		};
		5908684724C49D2F00D40A21 /* Utilities */ = {
			isa = PBXGroup;
			children = (
				5908684824C49D2F00D40A21 /* reset_1200.py */,
				5908684924C49D2F00D40A21 /* embedXcode_prepare */,
				5908684A24C49D2F00D40A21 /* embedXcode_check */,
				5908684B24C49D2F00D40A21 /* embedXcode_chrono */,
				5908684C24C49D2F00D40A21 /* TemplateIcon.icns */,
			);
			path = Utilities;
			sourceTree = "<group>";
		};
/* End PBXGroup section */

/* Begin PBXLegacyTarget section */
		590867E724C49D2F00D40A21 /* Build */ = {
			isa = PBXLegacyTarget;
			buildArgumentsString = "build -C \"$(PROJECT)\"";
			buildConfigurationList = 5908685024C49D2F00D40A21 /* Build configuration list for PBXLegacyTarget "Build" */;
			buildPhases = (
			);
			buildToolPath = make;
			dependencies = (
			);
			name = Build;
			passBuildSettingsInEnvironment = 1;
			productName = Build;
		};
		590867E824C49D2F00D40A21 /* All */ = {
			isa = PBXLegacyTarget;
			buildArgumentsString = "all -C \"$(PROJECT)\"";
			buildConfigurationList = 5908685324C49D2F00D40A21 /* Build configuration list for PBXLegacyTarget "All" */;
			buildPhases = (
			);
			buildToolPath = make;
			dependencies = (
			);
			name = All;
			passBuildSettingsInEnvironment = 1;
			productName = All;
		};
		590867E924C49D2F00D40A21 /* Boards */ = {
			isa = PBXLegacyTarget;
			buildArgumentsString = "boards -C \"$(PROJECT)\"";
			buildConfigurationList = 5908685624C49D2F00D40A21 /* Build configuration list for PBXLegacyTarget "Boards" */;
			buildPhases = (
			);
			buildToolPath = make;
			dependencies = (
			);
			name = Boards;
			passBuildSettingsInEnvironment = 1;
			productName = Boards;
		};
		590867EA24C49D2F00D40A21 /* Serial */ = {
			isa = PBXLegacyTarget;
			buildArgumentsString = "serial -C \"$(PROJECT)\"";
			buildConfigurationList = 5908685924C49D2F00D40A21 /* Build configuration list for PBXLegacyTarget "Serial" */;
			buildPhases = (
			);
			buildToolPath = make;
			dependencies = (
			);
			name = Serial;
			passBuildSettingsInEnvironment = 1;
			productName = Serial;
		};
		590867EB24C49D2F00D40A21 /* Upload */ = {
			isa = PBXLegacyTarget;
			buildArgumentsString = "upload -C \"$(PROJECT)\"";
			buildConfigurationList = 5908685C24C49D2F00D40A21 /* Build configuration list for PBXLegacyTarget "Upload" */;
			buildPhases = (
			);
			buildToolPath = make;
			dependencies = (
			);
			name = Upload;
			passBuildSettingsInEnvironment = 1;
			productName = Upload;
		};
/* End PBXLegacyTarget section */

/* Begin PBXNativeTarget section */
		590867ED24C49D2F00D40A21 /* Index */ = {
			isa = PBXNativeTarget;
			buildConfigurationList = 5908685F24C49D2F00D40A21 /* Build configuration list for PBXNativeTarget "Index" */;
			buildPhases = (
				590867EC24C49D2F00D40A21 /* Sources */,
			);
			buildRules = (
			);
			dependencies = (
			);
			name = Index;
			productName = Index;
			productReference = 590867EE24C49D2F00D40A21 /* Index */;
			productType = "com.apple.product-type.tool";
		};
/* End PBXNativeTarget section */

/* Begin PBXProject section */
		590867E324C49D2F00D40A21 /* Project object */ = {
			isa = PBXProject;
			attributes = {
				LastUpgradeCheck = 1200;
				TargetAttributes = {
					590867E724C49D2F00D40A21 = {
						CreatedOnToolsVersion = 12.0;
					};
					590867E824C49D2F00D40A21 = {
						CreatedOnToolsVersion = 12.0;
					};
					590867E924C49D2F00D40A21 = {
						CreatedOnToolsVersion = 12.0;
					};
					590867EA24C49D2F00D40A21 = {
						CreatedOnToolsVersion = 12.0;
					};
					590867EB24C49D2F00D40A21 = {
						CreatedOnToolsVersion = 12.0;
					};
					590867ED24C49D2F00D40A21 = {
						CreatedOnToolsVersion = 12.0;
					};
				};
			};
			buildConfigurationList = 590867E624C49D2F00D40A21 /* Build configuration list for PBXProject "DisplayFearTestUno" */;
			compatibilityVersion = "Xcode 9.3";
			developmentRegion = en;
			hasScannedForEncodings = 0;
			knownRegions = (
				en,
				Base,
			);
			mainGroup = 590867E224C49D2F00D40A21;
			productRefGroup = 590867EF24C49D2F00D40A21 /* Products */;
			projectDirPath = "";
			projectRoot = "";
			targets = (
				590867E724C49D2F00D40A21 /* Build */,
				590867E824C49D2F00D40A21 /* All */,
				590867E924C49D2F00D40A21 /* Boards */,
				590867EA24C49D2F00D40A21 /* Serial */,
				590867EB24C49D2F00D40A21 /* Upload */,
				590867ED24C49D2F00D40A21 /* Index */,
			);
		};
/* End PBXProject section */

/* Begin PBXSourcesBuildPhase section */
		590867EC24C49D2F00D40A21 /* Sources */ = {
			isa = PBXSourcesBuildPhase;
			buildActionMask = 2147483647;
			files = (
				590867F424C49D2F00D40A21 /* Makefile in Sources */,
				590867F224C49D2F00D40A21 /* main.cpp in Sources */,
			);
			runOnlyForDeploymentPostprocessing = 0;
		};
/* End PBXSourcesBuildPhase section */

/* Begin XCBuildConfiguration section */
		5908684E24C49D2F00D40A21 /* Debug */ = {
			isa = XCBuildConfiguration;
			baseConfigurationReference = 5908680724C49D2F00D40A21 /* Arduino Uno.xcconfig */;
			buildSettings = {
				ALWAYS_SEARCH_USER_PATHS = NO;
				CLANG_ANALYZER_NONNULL = YES;
				CLANG_ANALYZER_NUMBER_OBJECT_CONVERSION = YES_AGGRESSIVE;
				CLANG_CXX_LANGUAGE_STANDARD = "gnu++14";
				CLANG_CXX_LIBRARY = "libc++";
				CLANG_ENABLE_MODULES = YES;
				CLANG_ENABLE_OBJC_ARC = YES;
				CLANG_ENABLE_OBJC_WEAK = YES;
				CLANG_WARN_BLOCK_CAPTURE_AUTORELEASING = YES;
				CLANG_WARN_BOOL_CONVERSION = YES;
				CLANG_WARN_COMMA = YES;
				CLANG_WARN_CONSTANT_CONVERSION = YES;
				CLANG_WARN_DEPRECATED_OBJC_IMPLEMENTATIONS = YES;
				CLANG_WARN_DIRECT_OBJC_ISA_USAGE = YES_ERROR;
				CLANG_WARN_DOCUMENTATION_COMMENTS = YES;
				CLANG_WARN_EMPTY_BODY = YES;
				CLANG_WARN_ENUM_CONVERSION = YES;
				CLANG_WARN_INFINITE_RECURSION = YES;
				CLANG_WARN_INT_CONVERSION = YES;
				CLANG_WARN_NON_LITERAL_NULL_CONVERSION = YES;
				CLANG_WARN_OBJC_IMPLICIT_RETAIN_SELF = YES;
				CLANG_WARN_OBJC_LITERAL_CONVERSION = YES;
				CLANG_WARN_OBJC_ROOT_CLASS = YES_ERROR;
				CLANG_WARN_QUOTED_INCLUDE_IN_FRAMEWORK_HEADER = YES;
				CLANG_WARN_RANGE_LOOP_ANALYSIS = YES;
				CLANG_WARN_STRICT_PROTOTYPES = YES;
				CLANG_WARN_SUSPICIOUS_MOVE = YES;
				CLANG_WARN_UNGUARDED_AVAILABILITY = YES_AGGRESSIVE;
				CLANG_WARN_UNREACHABLE_CODE = YES;
				CLANG_WARN__DUPLICATE_METHOD_MATCH = YES;
				COPY_PHASE_STRIP = NO;
				DEBUG_INFORMATION_FORMAT = dwarf;
				ENABLE_STRICT_OBJC_MSGSEND = YES;
				ENABLE_TESTABILITY = YES;
				GCC_C_LANGUAGE_STANDARD = gnu11;
				GCC_DYNAMIC_NO_PIC = NO;
				GCC_NO_COMMON_BLOCKS = YES;
				GCC_OPTIMIZATION_LEVEL = 0;
				GCC_PREPROCESSOR_DEFINITIONS = (
					"DEBUG=1",
					"$(inherited)",
				);
				GCC_WARN_64_TO_32_BIT_CONVERSION = YES;
				GCC_WARN_ABOUT_RETURN_TYPE = YES_ERROR;
				GCC_WARN_UNDECLARED_SELECTOR = YES;
				GCC_WARN_UNINITIALIZED_AUTOS = YES_AGGRESSIVE;
				GCC_WARN_UNUSED_FUNCTION = YES;
				GCC_WARN_UNUSED_VARIABLE = YES;
				HEADER_SEARCH_PATHS = "$(inherited)";
				MTL_ENABLE_DEBUG_INFO = INCLUDE_SOURCE;
				MTL_FAST_MATH = YES;
				ONLY_ACTIVE_ARCH = YES;
				PATH = "$(PATH):$(PROJECT_DIR)";
				PRODUCT_NAME = "$(TARGET_NAME)";
				SKETCHBOOK_DIR = "";
				UPDATE_POLICY = 0;
			};
			name = Debug;
		};
		5908684F24C49D2F00D40A21 /* Release */ = {
			isa = XCBuildConfiguration;
			buildSettings = {
				ALWAYS_SEARCH_USER_PATHS = NO;
				CLANG_ANALYZER_NONNULL = YES;
				CLANG_ANALYZER_NUMBER_OBJECT_CONVERSION = YES_AGGRESSIVE;
				CLANG_CXX_LANGUAGE_STANDARD = "gnu++14";
				CLANG_CXX_LIBRARY = "libc++";
				CLANG_ENABLE_MODULES = YES;
				CLANG_ENABLE_OBJC_ARC = YES;
				CLANG_ENABLE_OBJC_WEAK = YES;
				CLANG_WARN_BLOCK_CAPTURE_AUTORELEASING = YES;
				CLANG_WARN_BOOL_CONVERSION = YES;
				CLANG_WARN_COMMA = YES;
				CLANG_WARN_CONSTANT_CONVERSION = YES;
				CLANG_WARN_DEPRECATED_OBJC_IMPLEMENTATIONS = YES;
				CLANG_WARN_DIRECT_OBJC_ISA_USAGE = YES_ERROR;
				CLANG_WARN_DOCUMENTATION_COMMENTS = YES;
				CLANG_WARN_EMPTY_BODY = YES;
				CLANG_WARN_ENUM_CONVERSION = YES;
				CLANG_WARN_INFINITE_RECURSION = YES;
				CLANG_WARN_INT_CONVERSION = YES;
				CLANG_WARN_NON_LITERAL_NULL_CONVERSION = YES;
				CLANG_WARN_OBJC_IMPLICIT_RETAIN_SELF = YES;
				CLANG_WARN_OBJC_LITERAL_CONVERSION = YES;
				CLANG_WARN_OBJC_ROOT_CLASS = YES_ERROR;
				CLANG_WARN_QUOTED_INCLUDE_IN_FRAMEWORK_HEADER = YES;
				CLANG_WARN_RANGE_LOOP_ANALYSIS = YES;
				CLANG_WARN_STRICT_PROTOTYPES = YES;
				CLANG_WARN_SUSPICIOUS_MOVE = YES;
				CLANG_WARN_UNGUARDED_AVAILABILITY = YES_AGGRESSIVE;
				CLANG_WARN_UNREACHABLE_CODE = YES;
				CLANG_WARN__DUPLICATE_METHOD_MATCH = YES;
				COPY_PHASE_STRIP = NO;
				DEBUG_INFORMATION_FORMAT = "dwarf-with-dsym";
				ENABLE_NS_ASSERTIONS = NO;
				ENABLE_STRICT_OBJC_MSGSEND = YES;
				GCC_C_LANGUAGE_STANDARD = gnu11;
				GCC_NO_COMMON_BLOCKS = YES;
				GCC_WARN_64_TO_32_BIT_CONVERSION = YES;
				GCC_WARN_ABOUT_RETURN_TYPE = YES_ERROR;
				GCC_WARN_UNDECLARED_SELECTOR = YES;
				GCC_WARN_UNINITIALIZED_AUTOS = YES_AGGRESSIVE;
				GCC_WARN_UNUSED_FUNCTION = YES;
				GCC_WARN_UNUSED_VARIABLE = YES;
				HEADER_SEARCH_PATHS = "$(inherited)";
				MTL_ENABLE_DEBUG_INFO = NO;
				MTL_FAST_MATH = YES;
				PATH = "$(PATH):$(PROJECT_DIR)";
				PRODUCT_NAME = "$(TARGET_NAME)";
				SKETCHBOOK_DIR = "";
				UPDATE_POLICY = 0;
			};
			name = Release;
		};
		5908685124C49D2F00D40A21 /* Debug */ = {
			isa = XCBuildConfiguration;
			buildSettings = {
				CODE_SIGN_STYLE = Automatic;
				DEVELOPMENT_TEAM = 666F768P5J;
				PRODUCT_NAME = "$(TARGET_NAME)";
			};
			name = Debug;
		};
		5908685224C49D2F00D40A21 /* Release */ = {
			isa = XCBuildConfiguration;
			buildSettings = {
				CODE_SIGN_STYLE = Automatic;
				DEVELOPMENT_TEAM = 666F768P5J;
				PRODUCT_NAME = "$(TARGET_NAME)";
			};
			name = Release;
		};
		5908685424C49D2F00D40A21 /* Debug */ = {
			isa = XCBuildConfiguration;
			buildSettings = {
				CODE_SIGN_STYLE = Automatic;
				DEVELOPMENT_TEAM = 666F768P5J;
			};
			name = Debug;
		};
		5908685524C49D2F00D40A21 /* Release */ = {
			isa = XCBuildConfiguration;
			buildSettings = {
				CODE_SIGN_STYLE = Automatic;
				DEVELOPMENT_TEAM = 666F768P5J;
			};
			name = Release;
		};
		5908685724C49D2F00D40A21 /* Debug */ = {
			isa = XCBuildConfiguration;
			buildSettings = {
				CODE_SIGN_STYLE = Automatic;
				DEVELOPMENT_TEAM = 666F768P5J;
			};
			name = Debug;
		};
		5908685824C49D2F00D40A21 /* Release */ = {
			isa = XCBuildConfiguration;
			buildSettings = {
				CODE_SIGN_STYLE = Automatic;
				DEVELOPMENT_TEAM = 666F768P5J;
			};
			name = Release;
		};
		5908685A24C49D2F00D40A21 /* Debug */ = {
			isa = XCBuildConfiguration;
			buildSettings = {
				CODE_SIGN_STYLE = Automatic;
				DEVELOPMENT_TEAM = 666F768P5J;
			};
			name = Debug;
		};
		5908685B24C49D2F00D40A21 /* Release */ = {
			isa = XCBuildConfiguration;
			buildSettings = {
				CODE_SIGN_STYLE = Automatic;
				DEVELOPMENT_TEAM = 666F768P5J;
			};
			name = Release;
		};
		5908685D24C49D2F00D40A21 /* Debug */ = {
			isa = XCBuildConfiguration;
			buildSettings = {
				CODE_SIGN_STYLE = Automatic;
				DEVELOPMENT_TEAM = 666F768P5J;
			};
			name = Debug;
		};
		5908685E24C49D2F00D40A21 /* Release */ = {
			isa = XCBuildConfiguration;
			buildSettings = {
				CODE_SIGN_STYLE = Automatic;
				DEVELOPMENT_TEAM = 666F768P5J;
			};
			name = Release;
		};
		5908686024C49D2F00D40A21 /* Debug */ = {
			isa = XCBuildConfiguration;
			buildSettings = {
				CODE_SIGN_STYLE = Automatic;
				DEVELOPMENT_TEAM = 666F768P5J;
				ENABLE_HARDENED_RUNTIME = YES;
			};
			name = Debug;
		};
		5908686124C49D2F00D40A21 /* Release */ = {
			isa = XCBuildConfiguration;
			buildSettings = {
				CODE_SIGN_STYLE = Automatic;
				DEVELOPMENT_TEAM = 666F768P5J;
				ENABLE_HARDENED_RUNTIME = YES;
			};
			name = Release;
		};
/* End XCBuildConfiguration section */

/* Begin XCConfigurationList section */
		590867E624C49D2F00D40A21 /* Build configuration list for PBXProject "DisplayFearTestUno" */ = {
			isa = XCConfigurationList;
			buildConfigurations = (
				5908684E24C49D2F00D40A21 /* Debug */,
				5908684F24C49D2F00D40A21 /* Release */,
			);
			defaultConfigurationIsVisible = 0;
			defaultConfigurationName = Release;
		};
		5908685024C49D2F00D40A21 /* Build configuration list for PBXLegacyTarget "Build" */ = {
			isa = XCConfigurationList;
			buildConfigurations = (
				5908685124C49D2F00D40A21 /* Debug */,
				5908685224C49D2F00D40A21 /* Release */,
			);
			defaultConfigurationIsVisible = 0;
			defaultConfigurationName = Release;
		};
		5908685324C49D2F00D40A21 /* Build configuration list for PBXLegacyTarget "All" */ = {
			isa = XCConfigurationList;
			buildConfigurations = (
				5908685424C49D2F00D40A21 /* Debug */,
				5908685524C49D2F00D40A21 /* Release */,
			);
			defaultConfigurationIsVisible = 0;
			defaultConfigurationName = Release;
		};
		5908685624C49D2F00D40A21 /* Build configuration list for PBXLegacyTarget "Boards" */ = {
			isa = XCConfigurationList;
			buildConfigurations = (
				5908685724C49D2F00D40A21 /* Debug */,
				5908685824C49D2F00D40A21 /* Release */,
			);
			defaultConfigurationIsVisible = 0;
			defaultConfigurationName = Release;
		};
		5908685924C49D2F00D40A21 /* Build configuration list for PBXLegacyTarget "Serial" */ = {
			isa = XCConfigurationList;
			buildConfigurations = (
				5908685A24C49D2F00D40A21 /* Debug */,
				5908685B24C49D2F00D40A21 /* Release */,
			);
			defaultConfigurationIsVisible = 0;
			defaultConfigurationName = Release;
		};
		5908685C24C49D2F00D40A21 /* Build configuration list for PBXLegacyTarget "Upload" */ = {
			isa = XCConfigurationList;
			buildConfigurations = (
				5908685D24C49D2F00D40A21 /* Debug */,
				5908685E24C49D2F00D40A21 /* Release */,
			);
			defaultConfigurationIsVisible = 0;
			defaultConfigurationName = Release;
		};
		5908685F24C49D2F00D40A21 /* Build configuration list for PBXNativeTarget "Index" */ = {
			isa = XCConfigurationList;
			buildConfigurations = (
				5908686024C49D2F00D40A21 /* Debug */,
				5908686124C49D2F00D40A21 /* Release */,
			);
			defaultConfigurationIsVisible = 0;
			defaultConfigurationName = Release;
		};
/* End XCConfigurationList section */
	};
	rootObject = 590867E324C49D2F00D40A21 /* Project object */;
}
